// !$*UTF8*$!
{
	archiveVersion = 1;
	classes = {
	};
	objectVersion = 55;
	objects = {

/* Begin PBXBuildFile section */
		1CB7D2A7285B728F006AB7C2 /* BeerRow.swift in Sources */ = {isa = PBXBuildFile; fileRef = 1CB7D2A6285B728F006AB7C2 /* BeerRow.swift */; };
		1CB7D2AA285B72B1006AB7C2 /* Beer.swift in Sources */ = {isa = PBXBuildFile; fileRef = 1CB7D2A9285B72B1006AB7C2 /* Beer.swift */; };
		1CB7D2AD285B73D1006AB7C2 /* NetworkWorker.swift in Sources */ = {isa = PBXBuildFile; fileRef = 1CB7D2AC285B73D1006AB7C2 /* NetworkWorker.swift */; };
		1CB7D2B0285B74F0006AB7C2 /* SplashViewController.swift in Sources */ = {isa = PBXBuildFile; fileRef = 1CB7D2AF285B74F0006AB7C2 /* SplashViewController.swift */; };
		1CB7D2B2285B7645006AB7C2 /* SplashViewModel.swift in Sources */ = {isa = PBXBuildFile; fileRef = 1CB7D2B1285B7645006AB7C2 /* SplashViewModel.swift */; };
		1CB7D2B4285B7772006AB7C2 /* Images.swift in Sources */ = {isa = PBXBuildFile; fileRef = 1CB7D2B3285B7772006AB7C2 /* Images.swift */; };
		1CB7D2B6285B97F1006AB7C2 /* NetworkRequest.swift in Sources */ = {isa = PBXBuildFile; fileRef = 1CB7D2B5285B97F1006AB7C2 /* NetworkRequest.swift */; };
		1CB7D2B9285B9B33006AB7C2 /* SearchBarView.swift in Sources */ = {isa = PBXBuildFile; fileRef = 1CB7D2B8285B9B33006AB7C2 /* SearchBarView.swift */; };
		1CB7D2BC285BC60B006AB7C2 /* Kingfisher in Frameworks */ = {isa = PBXBuildFile; productRef = 1CB7D2BB285BC60B006AB7C2 /* Kingfisher */; };
		1CB7D2BF285BF0B1006AB7C2 /* CellIdentifiable.swift in Sources */ = {isa = PBXBuildFile; fileRef = 1CB7D2BE285BF0B1006AB7C2 /* CellIdentifiable.swift */; };
		1CB7D2C1285BF62B006AB7C2 /* UIView+Extension.swift in Sources */ = {isa = PBXBuildFile; fileRef = 1CB7D2C0285BF62B006AB7C2 /* UIView+Extension.swift */; };
		1CC846BB285A8E9C0059484C /* AppDelegate.swift in Sources */ = {isa = PBXBuildFile; fileRef = 1CC846BA285A8E9C0059484C /* AppDelegate.swift */; };
		1CC846BD285A8E9C0059484C /* SceneDelegate.swift in Sources */ = {isa = PBXBuildFile; fileRef = 1CC846BC285A8E9C0059484C /* SceneDelegate.swift */; };
		1CC846C4285A8E9D0059484C /* Assets.xcassets in Resources */ = {isa = PBXBuildFile; fileRef = 1CC846C3285A8E9D0059484C /* Assets.xcassets */; };
		1CC846C7285A8E9D0059484C /* LaunchScreen.storyboard in Resources */ = {isa = PBXBuildFile; fileRef = 1CC846C5285A8E9D0059484C /* LaunchScreen.storyboard */; };
		1CC846D2285A8E9D0059484C /* WorldBeersTests.swift in Sources */ = {isa = PBXBuildFile; fileRef = 1CC846D1285A8E9D0059484C /* WorldBeersTests.swift */; };
		1CC846DC285A8E9D0059484C /* WorldBeersUITests.swift in Sources */ = {isa = PBXBuildFile; fileRef = 1CC846DB285A8E9D0059484C /* WorldBeersUITests.swift */; };
		1CC846DE285A8E9D0059484C /* WorldBeersUITestsLaunchTests.swift in Sources */ = {isa = PBXBuildFile; fileRef = 1CC846DD285A8E9D0059484C /* WorldBeersUITestsLaunchTests.swift */; };
		1CC846EC285A91B70059484C /* HomeViewController.swift in Sources */ = {isa = PBXBuildFile; fileRef = 1CC846EB285A91B70059484C /* HomeViewController.swift */; };
		1CC846EE285A92330059484C /* HomeViewModel.swift in Sources */ = {isa = PBXBuildFile; fileRef = 1CC846ED285A92330059484C /* HomeViewModel.swift */; };
		1CC846F1285A925A0059484C /* BeerListView.swift in Sources */ = {isa = PBXBuildFile; fileRef = 1CC846F0285A925A0059484C /* BeerListView.swift */; };
		1CC846FC285A93B70059484C /* Localizable.strings in Resources */ = {isa = PBXBuildFile; fileRef = 1CC846FA285A93B70059484C /* Localizable.strings */; };
/* End PBXBuildFile section */

/* Begin PBXContainerItemProxy section */
		1CC846CE285A8E9D0059484C /* PBXContainerItemProxy */ = {
			isa = PBXContainerItemProxy;
			containerPortal = 1CC846AF285A8E9C0059484C /* Project object */;
			proxyType = 1;
			remoteGlobalIDString = 1CC846B6285A8E9C0059484C;
			remoteInfo = WorldBeers;
		};
		1CC846D8285A8E9D0059484C /* PBXContainerItemProxy */ = {
			isa = PBXContainerItemProxy;
			containerPortal = 1CC846AF285A8E9C0059484C /* Project object */;
			proxyType = 1;
			remoteGlobalIDString = 1CC846B6285A8E9C0059484C;
			remoteInfo = WorldBeers;
		};
/* End PBXContainerItemProxy section */

/* Begin PBXFileReference section */
		1CB7D2A6285B728F006AB7C2 /* BeerRow.swift */ = {isa = PBXFileReference; lastKnownFileType = sourcecode.swift; path = BeerRow.swift; sourceTree = "<group>"; };
		1CB7D2A9285B72B1006AB7C2 /* Beer.swift */ = {isa = PBXFileReference; lastKnownFileType = sourcecode.swift; path = Beer.swift; sourceTree = "<group>"; };
		1CB7D2AC285B73D1006AB7C2 /* NetworkWorker.swift */ = {isa = PBXFileReference; lastKnownFileType = sourcecode.swift; path = NetworkWorker.swift; sourceTree = "<group>"; };
		1CB7D2AF285B74F0006AB7C2 /* SplashViewController.swift */ = {isa = PBXFileReference; lastKnownFileType = sourcecode.swift; path = SplashViewController.swift; sourceTree = "<group>"; };
		1CB7D2B1285B7645006AB7C2 /* SplashViewModel.swift */ = {isa = PBXFileReference; lastKnownFileType = sourcecode.swift; path = SplashViewModel.swift; sourceTree = "<group>"; };
		1CB7D2B3285B7772006AB7C2 /* Images.swift */ = {isa = PBXFileReference; lastKnownFileType = sourcecode.swift; path = Images.swift; sourceTree = "<group>"; };
		1CB7D2B5285B97F1006AB7C2 /* NetworkRequest.swift */ = {isa = PBXFileReference; lastKnownFileType = sourcecode.swift; path = NetworkRequest.swift; sourceTree = "<group>"; };
		1CB7D2B8285B9B33006AB7C2 /* SearchBarView.swift */ = {isa = PBXFileReference; lastKnownFileType = sourcecode.swift; path = SearchBarView.swift; sourceTree = "<group>"; };
		1CB7D2BE285BF0B1006AB7C2 /* CellIdentifiable.swift */ = {isa = PBXFileReference; lastKnownFileType = sourcecode.swift; path = CellIdentifiable.swift; sourceTree = "<group>"; };
		1CB7D2C0285BF62B006AB7C2 /* UIView+Extension.swift */ = {isa = PBXFileReference; lastKnownFileType = sourcecode.swift; path = "UIView+Extension.swift"; sourceTree = "<group>"; };
		1CC846B7285A8E9C0059484C /* WorldBeers.app */ = {isa = PBXFileReference; explicitFileType = wrapper.application; includeInIndex = 0; path = WorldBeers.app; sourceTree = BUILT_PRODUCTS_DIR; };
		1CC846BA285A8E9C0059484C /* AppDelegate.swift */ = {isa = PBXFileReference; lastKnownFileType = sourcecode.swift; path = AppDelegate.swift; sourceTree = "<group>"; };
		1CC846BC285A8E9C0059484C /* SceneDelegate.swift */ = {isa = PBXFileReference; lastKnownFileType = sourcecode.swift; path = SceneDelegate.swift; sourceTree = "<group>"; };
		1CC846C3285A8E9D0059484C /* Assets.xcassets */ = {isa = PBXFileReference; lastKnownFileType = folder.assetcatalog; path = Assets.xcassets; sourceTree = "<group>"; };
		1CC846C6285A8E9D0059484C /* Base */ = {isa = PBXFileReference; lastKnownFileType = file.storyboard; name = Base; path = Base.lproj/LaunchScreen.storyboard; sourceTree = "<group>"; };
		1CC846C8285A8E9D0059484C /* Info.plist */ = {isa = PBXFileReference; lastKnownFileType = text.plist.xml; path = Info.plist; sourceTree = "<group>"; };
		1CC846CD285A8E9D0059484C /* WorldBeersTests.xctest */ = {isa = PBXFileReference; explicitFileType = wrapper.cfbundle; includeInIndex = 0; path = WorldBeersTests.xctest; sourceTree = BUILT_PRODUCTS_DIR; };
		1CC846D1285A8E9D0059484C /* WorldBeersTests.swift */ = {isa = PBXFileReference; lastKnownFileType = sourcecode.swift; path = WorldBeersTests.swift; sourceTree = "<group>"; };
		1CC846D7285A8E9D0059484C /* WorldBeersUITests.xctest */ = {isa = PBXFileReference; explicitFileType = wrapper.cfbundle; includeInIndex = 0; path = WorldBeersUITests.xctest; sourceTree = BUILT_PRODUCTS_DIR; };
		1CC846DB285A8E9D0059484C /* WorldBeersUITests.swift */ = {isa = PBXFileReference; lastKnownFileType = sourcecode.swift; path = WorldBeersUITests.swift; sourceTree = "<group>"; };
		1CC846DD285A8E9D0059484C /* WorldBeersUITestsLaunchTests.swift */ = {isa = PBXFileReference; lastKnownFileType = sourcecode.swift; path = WorldBeersUITestsLaunchTests.swift; sourceTree = "<group>"; };
		1CC846EB285A91B70059484C /* HomeViewController.swift */ = {isa = PBXFileReference; lastKnownFileType = sourcecode.swift; path = HomeViewController.swift; sourceTree = "<group>"; };
		1CC846ED285A92330059484C /* HomeViewModel.swift */ = {isa = PBXFileReference; lastKnownFileType = sourcecode.swift; path = HomeViewModel.swift; sourceTree = "<group>"; };
		1CC846F0285A925A0059484C /* BeerListView.swift */ = {isa = PBXFileReference; lastKnownFileType = sourcecode.swift; path = BeerListView.swift; sourceTree = "<group>"; };
		1CC846FB285A93B70059484C /* en */ = {isa = PBXFileReference; lastKnownFileType = text.plist.strings; name = en; path = en.lproj/Localizable.strings; sourceTree = "<group>"; };
/* End PBXFileReference section */

/* Begin PBXFrameworksBuildPhase section */
		1CC846B4285A8E9C0059484C /* Frameworks */ = {
			isa = PBXFrameworksBuildPhase;
			buildActionMask = 2147483647;
			files = (
				1CB7D2BC285BC60B006AB7C2 /* Kingfisher in Frameworks */,
			);
			runOnlyForDeploymentPostprocessing = 0;
		};
		1CC846CA285A8E9D0059484C /* Frameworks */ = {
			isa = PBXFrameworksBuildPhase;
			buildActionMask = 2147483647;
			files = (
			);
			runOnlyForDeploymentPostprocessing = 0;
		};
		1CC846D4285A8E9D0059484C /* Frameworks */ = {
			isa = PBXFrameworksBuildPhase;
			buildActionMask = 2147483647;
			files = (
			);
			runOnlyForDeploymentPostprocessing = 0;
		};
/* End PBXFrameworksBuildPhase section */

/* Begin PBXGroup section */
		1CB7D2A8285B72AB006AB7C2 /* Models */ = {
			isa = PBXGroup;
			children = (
				1CB7D2A9285B72B1006AB7C2 /* Beer.swift */,
			);
			path = Models;
			sourceTree = "<group>";
		};
		1CB7D2AB285B73BF006AB7C2 /* Network */ = {
			isa = PBXGroup;
			children = (
				1CB7D2AC285B73D1006AB7C2 /* NetworkWorker.swift */,
				1CB7D2B5285B97F1006AB7C2 /* NetworkRequest.swift */,
			);
			path = Network;
			sourceTree = "<group>";
		};
		1CB7D2AE285B74D8006AB7C2 /* Splash */ = {
			isa = PBXGroup;
			children = (
				1CB7D2AF285B74F0006AB7C2 /* SplashViewController.swift */,
				1CB7D2B1285B7645006AB7C2 /* SplashViewModel.swift */,
			);
			path = Splash;
			sourceTree = "<group>";
		};
		1CB7D2B7285B9B28006AB7C2 /* SearchBar */ = {
			isa = PBXGroup;
			children = (
				1CB7D2B8285B9B33006AB7C2 /* SearchBarView.swift */,
			);
			path = SearchBar;
			sourceTree = "<group>";
		};
		1CB7D2BD285BF09C006AB7C2 /* Utils */ = {
			isa = PBXGroup;
			children = (
				1CB7D2BE285BF0B1006AB7C2 /* CellIdentifiable.swift */,
				1CB7D2C0285BF62B006AB7C2 /* UIView+Extension.swift */,
			);
			path = Utils;
			sourceTree = "<group>";
		};
		1CB7D2C2285C3ACD006AB7C2 /* Screens */ = {
			isa = PBXGroup;
			children = (
				1CC846EA285A8EEA0059484C /* Home */,
				1CB7D2AE285B74D8006AB7C2 /* Splash */,
			);
			path = Screens;
			sourceTree = "<group>";
		};
		1CC846AE285A8E9C0059484C = {
			isa = PBXGroup;
			children = (
				1CC846B9285A8E9C0059484C /* WorldBeers */,
				1CC846D0285A8E9D0059484C /* WorldBeersTests */,
				1CC846DA285A8E9D0059484C /* WorldBeersUITests */,
				1CC846B8285A8E9C0059484C /* Products */,
			);
			sourceTree = "<group>";
		};
		1CC846B8285A8E9C0059484C /* Products */ = {
			isa = PBXGroup;
			children = (
				1CC846B7285A8E9C0059484C /* WorldBeers.app */,
				1CC846CD285A8E9D0059484C /* WorldBeersTests.xctest */,
				1CC846D7285A8E9D0059484C /* WorldBeersUITests.xctest */,
			);
			name = Products;
			sourceTree = "<group>";
		};
		1CC846B9285A8E9C0059484C /* WorldBeers */ = {
			isa = PBXGroup;
			children = (
				1CB7D2C2285C3ACD006AB7C2 /* Screens */,
				1CB7D2BD285BF09C006AB7C2 /* Utils */,
				1CB7D2AB285B73BF006AB7C2 /* Network */,
				1CB7D2A8285B72AB006AB7C2 /* Models */,
				1CC846F2285A92D80059484C /* Resources */,
				1CC846BA285A8E9C0059484C /* AppDelegate.swift */,
				1CC846BC285A8E9C0059484C /* SceneDelegate.swift */,
				1CC846C3285A8E9D0059484C /* Assets.xcassets */,
				1CC846C5285A8E9D0059484C /* LaunchScreen.storyboard */,
				1CC846C8285A8E9D0059484C /* Info.plist */,
			);
			path = WorldBeers;
			sourceTree = "<group>";
		};
		1CC846D0285A8E9D0059484C /* WorldBeersTests */ = {
			isa = PBXGroup;
			children = (
				1CC846D1285A8E9D0059484C /* WorldBeersTests.swift */,
			);
			path = WorldBeersTests;
			sourceTree = "<group>";
		};
		1CC846DA285A8E9D0059484C /* WorldBeersUITests */ = {
			isa = PBXGroup;
			children = (
				1CC846DB285A8E9D0059484C /* WorldBeersUITests.swift */,
				1CC846DD285A8E9D0059484C /* WorldBeersUITestsLaunchTests.swift */,
			);
			path = WorldBeersUITests;
			sourceTree = "<group>";
		};
		1CC846EA285A8EEA0059484C /* Home */ = {
			isa = PBXGroup;
			children = (
				1CB7D2B7285B9B28006AB7C2 /* SearchBar */,
				1CC846EF285A924F0059484C /* BeerList */,
				1CC846EB285A91B70059484C /* HomeViewController.swift */,
				1CC846ED285A92330059484C /* HomeViewModel.swift */,
			);
			path = Home;
			sourceTree = "<group>";
		};
		1CC846EF285A924F0059484C /* BeerList */ = {
			isa = PBXGroup;
			children = (
				1CC846F0285A925A0059484C /* BeerListView.swift */,
				1CB7D2A6285B728F006AB7C2 /* BeerRow.swift */,
			);
			path = BeerList;
			sourceTree = "<group>";
		};
		1CC846F2285A92D80059484C /* Resources */ = {
			isa = PBXGroup;
			children = (
				1CC846FA285A93B70059484C /* Localizable.strings */,
				1CB7D2B3285B7772006AB7C2 /* Images.swift */,
			);
			path = Resources;
			sourceTree = "<group>";
		};
/* End PBXGroup section */

/* Begin PBXNativeTarget section */
		1CC846B6285A8E9C0059484C /* WorldBeers */ = {
			isa = PBXNativeTarget;
			buildConfigurationList = 1CC846E1285A8E9D0059484C /* Build configuration list for PBXNativeTarget "WorldBeers" */;
			buildPhases = (
				1CC846B3285A8E9C0059484C /* Sources */,
				1CC846B4285A8E9C0059484C /* Frameworks */,
				1CC846B5285A8E9C0059484C /* Resources */,
			);
			buildRules = (
			);
			dependencies = (
			);
			name = WorldBeers;
			packageProductDependencies = (
				1CB7D2BB285BC60B006AB7C2 /* Kingfisher */,
			);
			productName = WorldBeers;
			productReference = 1CC846B7285A8E9C0059484C /* WorldBeers.app */;
			productType = "com.apple.product-type.application";
		};
		1CC846CC285A8E9D0059484C /* WorldBeersTests */ = {
			isa = PBXNativeTarget;
			buildConfigurationList = 1CC846E4285A8E9D0059484C /* Build configuration list for PBXNativeTarget "WorldBeersTests" */;
			buildPhases = (
				1CC846C9285A8E9D0059484C /* Sources */,
				1CC846CA285A8E9D0059484C /* Frameworks */,
				1CC846CB285A8E9D0059484C /* Resources */,
			);
			buildRules = (
			);
			dependencies = (
				1CC846CF285A8E9D0059484C /* PBXTargetDependency */,
			);
			name = WorldBeersTests;
			productName = WorldBeersTests;
			productReference = 1CC846CD285A8E9D0059484C /* WorldBeersTests.xctest */;
			productType = "com.apple.product-type.bundle.unit-test";
		};
		1CC846D6285A8E9D0059484C /* WorldBeersUITests */ = {
			isa = PBXNativeTarget;
			buildConfigurationList = 1CC846E7285A8E9D0059484C /* Build configuration list for PBXNativeTarget "WorldBeersUITests" */;
			buildPhases = (
				1CC846D3285A8E9D0059484C /* Sources */,
				1CC846D4285A8E9D0059484C /* Frameworks */,
				1CC846D5285A8E9D0059484C /* Resources */,
			);
			buildRules = (
			);
			dependencies = (
				1CC846D9285A8E9D0059484C /* PBXTargetDependency */,
			);
			name = WorldBeersUITests;
			productName = WorldBeersUITests;
			productReference = 1CC846D7285A8E9D0059484C /* WorldBeersUITests.xctest */;
			productType = "com.apple.product-type.bundle.ui-testing";
		};
/* End PBXNativeTarget section */

/* Begin PBXProject section */
		1CC846AF285A8E9C0059484C /* Project object */ = {
			isa = PBXProject;
			attributes = {
				BuildIndependentTargetsInParallel = 1;
				LastSwiftUpdateCheck = 1330;
				LastUpgradeCheck = 1330;
				TargetAttributes = {
					1CC846B6285A8E9C0059484C = {
						CreatedOnToolsVersion = 13.3;
					};
					1CC846CC285A8E9D0059484C = {
						CreatedOnToolsVersion = 13.3;
						TestTargetID = 1CC846B6285A8E9C0059484C;
					};
					1CC846D6285A8E9D0059484C = {
						CreatedOnToolsVersion = 13.3;
						TestTargetID = 1CC846B6285A8E9C0059484C;
					};
				};
			};
			buildConfigurationList = 1CC846B2285A8E9C0059484C /* Build configuration list for PBXProject "WorldBeers" */;
			compatibilityVersion = "Xcode 13.0";
			developmentRegion = en;
			hasScannedForEncodings = 0;
			knownRegions = (
				en,
				Base,
			);
			mainGroup = 1CC846AE285A8E9C0059484C;
			packageReferences = (
				1CB7D2BA285BC60B006AB7C2 /* XCRemoteSwiftPackageReference "Kingfisher" */,
			);
			productRefGroup = 1CC846B8285A8E9C0059484C /* Products */;
			projectDirPath = "";
			projectRoot = "";
			targets = (
				1CC846B6285A8E9C0059484C /* WorldBeers */,
				1CC846CC285A8E9D0059484C /* WorldBeersTests */,
				1CC846D6285A8E9D0059484C /* WorldBeersUITests */,
			);
		};
/* End PBXProject section */

/* Begin PBXResourcesBuildPhase section */
		1CC846B5285A8E9C0059484C /* Resources */ = {
			isa = PBXResourcesBuildPhase;
			buildActionMask = 2147483647;
			files = (
				1CC846FC285A93B70059484C /* Localizable.strings in Resources */,
				1CC846C7285A8E9D0059484C /* LaunchScreen.storyboard in Resources */,
				1CC846C4285A8E9D0059484C /* Assets.xcassets in Resources */,
			);
			runOnlyForDeploymentPostprocessing = 0;
		};
		1CC846CB285A8E9D0059484C /* Resources */ = {
			isa = PBXResourcesBuildPhase;
			buildActionMask = 2147483647;
			files = (
			);
			runOnlyForDeploymentPostprocessing = 0;
		};
		1CC846D5285A8E9D0059484C /* Resources */ = {
			isa = PBXResourcesBuildPhase;
			buildActionMask = 2147483647;
			files = (
			);
			runOnlyForDeploymentPostprocessing = 0;
		};
/* End PBXResourcesBuildPhase section */

/* Begin PBXSourcesBuildPhase section */
		1CC846B3285A8E9C0059484C /* Sources */ = {
			isa = PBXSourcesBuildPhase;
			buildActionMask = 2147483647;
			files = (
				1CC846F1285A925A0059484C /* BeerListView.swift in Sources */,
				1CC846BB285A8E9C0059484C /* AppDelegate.swift in Sources */,
				1CB7D2AD285B73D1006AB7C2 /* NetworkWorker.swift in Sources */,
				1CB7D2C1285BF62B006AB7C2 /* UIView+Extension.swift in Sources */,
				1CB7D2B4285B7772006AB7C2 /* Images.swift in Sources */,
				1CB7D2B0285B74F0006AB7C2 /* SplashViewController.swift in Sources */,
				1CC846BD285A8E9C0059484C /* SceneDelegate.swift in Sources */,
				1CB7D2B2285B7645006AB7C2 /* SplashViewModel.swift in Sources */,
				1CC846EE285A92330059484C /* HomeViewModel.swift in Sources */,
				1CB7D2BF285BF0B1006AB7C2 /* CellIdentifiable.swift in Sources */,
				1CB7D2A7285B728F006AB7C2 /* BeerRow.swift in Sources */,
				1CB7D2B9285B9B33006AB7C2 /* SearchBarView.swift in Sources */,
				1CB7D2AA285B72B1006AB7C2 /* Beer.swift in Sources */,
				1CB7D2B6285B97F1006AB7C2 /* NetworkRequest.swift in Sources */,
				1CC846EC285A91B70059484C /* HomeViewController.swift in Sources */,
			);
			runOnlyForDeploymentPostprocessing = 0;
		};
		1CC846C9285A8E9D0059484C /* Sources */ = {
			isa = PBXSourcesBuildPhase;
			buildActionMask = 2147483647;
			files = (
				1CC846D2285A8E9D0059484C /* WorldBeersTests.swift in Sources */,
			);
			runOnlyForDeploymentPostprocessing = 0;
		};
		1CC846D3285A8E9D0059484C /* Sources */ = {
			isa = PBXSourcesBuildPhase;
			buildActionMask = 2147483647;
			files = (
				1CC846DC285A8E9D0059484C /* WorldBeersUITests.swift in Sources */,
				1CC846DE285A8E9D0059484C /* WorldBeersUITestsLaunchTests.swift in Sources */,
			);
			runOnlyForDeploymentPostprocessing = 0;
		};
/* End PBXSourcesBuildPhase section */

/* Begin PBXTargetDependency section */
		1CC846CF285A8E9D0059484C /* PBXTargetDependency */ = {
			isa = PBXTargetDependency;
			target = 1CC846B6285A8E9C0059484C /* WorldBeers */;
			targetProxy = 1CC846CE285A8E9D0059484C /* PBXContainerItemProxy */;
		};
		1CC846D9285A8E9D0059484C /* PBXTargetDependency */ = {
			isa = PBXTargetDependency;
			target = 1CC846B6285A8E9C0059484C /* WorldBeers */;
			targetProxy = 1CC846D8285A8E9D0059484C /* PBXContainerItemProxy */;
		};
/* End PBXTargetDependency section */

/* Begin PBXVariantGroup section */
		1CC846C5285A8E9D0059484C /* LaunchScreen.storyboard */ = {
			isa = PBXVariantGroup;
			children = (
				1CC846C6285A8E9D0059484C /* Base */,
			);
			name = LaunchScreen.storyboard;
			sourceTree = "<group>";
		};
		1CC846FA285A93B70059484C /* Localizable.strings */ = {
			isa = PBXVariantGroup;
			children = (
				1CC846FB285A93B70059484C /* en */,
			);
			name = Localizable.strings;
			sourceTree = "<group>";
		};
/* End PBXVariantGroup section */

/* Begin XCBuildConfiguration section */
		1CC846DF285A8E9D0059484C /* Debug */ = {
			isa = XCBuildConfiguration;
			buildSettings = {
				ALWAYS_SEARCH_USER_PATHS = NO;
				CLANG_ANALYZER_NONNULL = YES;
				CLANG_ANALYZER_NUMBER_OBJECT_CONVERSION = YES_AGGRESSIVE;
				CLANG_CXX_LANGUAGE_STANDARD = "gnu++17";
				CLANG_ENABLE_MODULES = YES;
				CLANG_ENABLE_OBJC_ARC = YES;
				CLANG_ENABLE_OBJC_WEAK = YES;
				CLANG_WARN_BLOCK_CAPTURE_AUTORELEASING = YES;
				CLANG_WARN_BOOL_CONVERSION = YES;
				CLANG_WARN_COMMA = YES;
				CLANG_WARN_CONSTANT_CONVERSION = YES;
				CLANG_WARN_DEPRECATED_OBJC_IMPLEMENTATIONS = YES;
				CLANG_WARN_DIRECT_OBJC_ISA_USAGE = YES_ERROR;
				CLANG_WARN_DOCUMENTATION_COMMENTS = YES;
				CLANG_WARN_EMPTY_BODY = YES;
				CLANG_WARN_ENUM_CONVERSION = YES;
				CLANG_WARN_INFINITE_RECURSION = YES;
				CLANG_WARN_INT_CONVERSION = YES;
				CLANG_WARN_NON_LITERAL_NULL_CONVERSION = YES;
				CLANG_WARN_OBJC_IMPLICIT_RETAIN_SELF = YES;
				CLANG_WARN_OBJC_LITERAL_CONVERSION = YES;
				CLANG_WARN_OBJC_ROOT_CLASS = YES_ERROR;
				CLANG_WARN_QUOTED_INCLUDE_IN_FRAMEWORK_HEADER = YES;
				CLANG_WARN_RANGE_LOOP_ANALYSIS = YES;
				CLANG_WARN_STRICT_PROTOTYPES = YES;
				CLANG_WARN_SUSPICIOUS_MOVE = YES;
				CLANG_WARN_UNGUARDED_AVAILABILITY = YES_AGGRESSIVE;
				CLANG_WARN_UNREACHABLE_CODE = YES;
				CLANG_WARN__DUPLICATE_METHOD_MATCH = YES;
				COPY_PHASE_STRIP = NO;
				DEBUG_INFORMATION_FORMAT = dwarf;
				ENABLE_STRICT_OBJC_MSGSEND = YES;
				ENABLE_TESTABILITY = YES;
				GCC_C_LANGUAGE_STANDARD = gnu11;
				GCC_DYNAMIC_NO_PIC = NO;
				GCC_NO_COMMON_BLOCKS = YES;
				GCC_OPTIMIZATION_LEVEL = 0;
				GCC_PREPROCESSOR_DEFINITIONS = (
					"DEBUG=1",
					"$(inherited)",
				);
				GCC_WARN_64_TO_32_BIT_CONVERSION = YES;
				GCC_WARN_ABOUT_RETURN_TYPE = YES_ERROR;
				GCC_WARN_UNDECLARED_SELECTOR = YES;
				GCC_WARN_UNINITIALIZED_AUTOS = YES_AGGRESSIVE;
				GCC_WARN_UNUSED_FUNCTION = YES;
				GCC_WARN_UNUSED_VARIABLE = YES;
				IPHONEOS_DEPLOYMENT_TARGET = 15.4;
				MTL_ENABLE_DEBUG_INFO = INCLUDE_SOURCE;
				MTL_FAST_MATH = YES;
				ONLY_ACTIVE_ARCH = YES;
				SDKROOT = iphoneos;
				SWIFT_ACTIVE_COMPILATION_CONDITIONS = DEBUG;
				SWIFT_OPTIMIZATION_LEVEL = "-Onone";
			};
			name = Debug;
		};
		1CC846E0285A8E9D0059484C /* Release */ = {
			isa = XCBuildConfiguration;
			buildSettings = {
				ALWAYS_SEARCH_USER_PATHS = NO;
				CLANG_ANALYZER_NONNULL = YES;
				CLANG_ANALYZER_NUMBER_OBJECT_CONVERSION = YES_AGGRESSIVE;
				CLANG_CXX_LANGUAGE_STANDARD = "gnu++17";
				CLANG_ENABLE_MODULES = YES;
				CLANG_ENABLE_OBJC_ARC = YES;
				CLANG_ENABLE_OBJC_WEAK = YES;
				CLANG_WARN_BLOCK_CAPTURE_AUTORELEASING = YES;
				CLANG_WARN_BOOL_CONVERSION = YES;
				CLANG_WARN_COMMA = YES;
				CLANG_WARN_CONSTANT_CONVERSION = YES;
				CLANG_WARN_DEPRECATED_OBJC_IMPLEMENTATIONS = YES;
				CLANG_WARN_DIRECT_OBJC_ISA_USAGE = YES_ERROR;
				CLANG_WARN_DOCUMENTATION_COMMENTS = YES;
				CLANG_WARN_EMPTY_BODY = YES;
				CLANG_WARN_ENUM_CONVERSION = YES;
				CLANG_WARN_INFINITE_RECURSION = YES;
				CLANG_WARN_INT_CONVERSION = YES;
				CLANG_WARN_NON_LITERAL_NULL_CONVERSION = YES;
				CLANG_WARN_OBJC_IMPLICIT_RETAIN_SELF = YES;
				CLANG_WARN_OBJC_LITERAL_CONVERSION = YES;
				CLANG_WARN_OBJC_ROOT_CLASS = YES_ERROR;
				CLANG_WARN_QUOTED_INCLUDE_IN_FRAMEWORK_HEADER = YES;
				CLANG_WARN_RANGE_LOOP_ANALYSIS = YES;
				CLANG_WARN_STRICT_PROTOTYPES = YES;
				CLANG_WARN_SUSPICIOUS_MOVE = YES;
				CLANG_WARN_UNGUARDED_AVAILABILITY = YES_AGGRESSIVE;
				CLANG_WARN_UNREACHABLE_CODE = YES;
				CLANG_WARN__DUPLICATE_METHOD_MATCH = YES;
				COPY_PHASE_STRIP = NO;
				DEBUG_INFORMATION_FORMAT = "dwarf-with-dsym";
				ENABLE_NS_ASSERTIONS = NO;
				ENABLE_STRICT_OBJC_MSGSEND = YES;
				GCC_C_LANGUAGE_STANDARD = gnu11;
				GCC_NO_COMMON_BLOCKS = YES;
				GCC_WARN_64_TO_32_BIT_CONVERSION = YES;
				GCC_WARN_ABOUT_RETURN_TYPE = YES_ERROR;
				GCC_WARN_UNDECLARED_SELECTOR = YES;
				GCC_WARN_UNINITIALIZED_AUTOS = YES_AGGRESSIVE;
				GCC_WARN_UNUSED_FUNCTION = YES;
				GCC_WARN_UNUSED_VARIABLE = YES;
				IPHONEOS_DEPLOYMENT_TARGET = 15.4;
				MTL_ENABLE_DEBUG_INFO = NO;
				MTL_FAST_MATH = YES;
				SDKROOT = iphoneos;
				SWIFT_COMPILATION_MODE = wholemodule;
				SWIFT_OPTIMIZATION_LEVEL = "-O";
				VALIDATE_PRODUCT = YES;
			};
			name = Release;
		};
		1CC846E2285A8E9D0059484C /* Debug */ = {
			isa = XCBuildConfiguration;
			buildSettings = {
				ASSETCATALOG_COMPILER_APPICON_NAME = AppIcon;
				ASSETCATALOG_COMPILER_GLOBAL_ACCENT_COLOR_NAME = AccentColor;
				CODE_SIGN_STYLE = Automatic;
				CURRENT_PROJECT_VERSION = 1;
				GENERATE_INFOPLIST_FILE = YES;
				INFOPLIST_FILE = WorldBeers/Info.plist;
				INFOPLIST_KEY_UIApplicationSupportsIndirectInputEvents = YES;
				INFOPLIST_KEY_UILaunchStoryboardName = LaunchScreen;
				INFOPLIST_KEY_UIMainStoryboardFile = LaunchScreen;
				INFOPLIST_KEY_UISupportedInterfaceOrientations = UIInterfaceOrientationPortrait;
				INFOPLIST_KEY_UISupportedInterfaceOrientations_iPad = "UIInterfaceOrientationPortrait UIInterfaceOrientationPortraitUpsideDown UIInterfaceOrientationLandscapeLeft UIInterfaceOrientationLandscapeRight";
				INFOPLIST_KEY_UISupportedInterfaceOrientations_iPhone = "UIInterfaceOrientationPortrait UIInterfaceOrientationLandscapeLeft UIInterfaceOrientationLandscapeRight";
				LD_RUNPATH_SEARCH_PATHS = (
					"$(inherited)",
					"@executable_path/Frameworks",
				);
				MARKETING_VERSION = 1.0;
				PRODUCT_BUNDLE_IDENTIFIER = com.franco.WorldBeers;
				PRODUCT_NAME = "$(TARGET_NAME)";
				SWIFT_EMIT_LOC_STRINGS = YES;
				SWIFT_VERSION = 5.0;
				TARGETED_DEVICE_FAMILY = 1;
			};
			name = Debug;
		};
		1CC846E3285A8E9D0059484C /* Release */ = {
			isa = XCBuildConfiguration;
			buildSettings = {
				ASSETCATALOG_COMPILER_APPICON_NAME = AppIcon;
				ASSETCATALOG_COMPILER_GLOBAL_ACCENT_COLOR_NAME = AccentColor;
				CODE_SIGN_STYLE = Automatic;
				CURRENT_PROJECT_VERSION = 1;
				GENERATE_INFOPLIST_FILE = YES;
				INFOPLIST_FILE = WorldBeers/Info.plist;
				INFOPLIST_KEY_UIApplicationSupportsIndirectInputEvents = YES;
				INFOPLIST_KEY_UILaunchStoryboardName = LaunchScreen;
				INFOPLIST_KEY_UIMainStoryboardFile = LaunchScreen;
				INFOPLIST_KEY_UISupportedInterfaceOrientations = UIInterfaceOrientationPortrait;
				INFOPLIST_KEY_UISupportedInterfaceOrientations_iPad = "UIInterfaceOrientationPortrait UIInterfaceOrientationPortraitUpsideDown UIInterfaceOrientationLandscapeLeft UIInterfaceOrientationLandscapeRight";
				INFOPLIST_KEY_UISupportedInterfaceOrientations_iPhone = "UIInterfaceOrientationPortrait UIInterfaceOrientationLandscapeLeft UIInterfaceOrientationLandscapeRight";
				LD_RUNPATH_SEARCH_PATHS = (
					"$(inherited)",
					"@executable_path/Frameworks",
				);
				MARKETING_VERSION = 1.0;
				PRODUCT_BUNDLE_IDENTIFIER = com.franco.WorldBeers;
				PRODUCT_NAME = "$(TARGET_NAME)";
				SWIFT_EMIT_LOC_STRINGS = YES;
				SWIFT_VERSION = 5.0;
				TARGETED_DEVICE_FAMILY = 1;
			};
			name = Release;
		};
		1CC846E5285A8E9D0059484C /* Debug */ = {
			isa = XCBuildConfiguration;
			buildSettings = {
				ALWAYS_EMBED_SWIFT_STANDARD_LIBRARIES = YES;
				BUNDLE_LOADER = "$(TEST_HOST)";
				CODE_SIGN_STYLE = Automatic;
				CURRENT_PROJECT_VERSION = 1;
				GENERATE_INFOPLIST_FILE = YES;
				IPHONEOS_DEPLOYMENT_TARGET = 15.4;
				MARKETING_VERSION = 1.0;
				PRODUCT_BUNDLE_IDENTIFIER = com.franco.WorldBeersTests;
				PRODUCT_NAME = "$(TARGET_NAME)";
				SWIFT_EMIT_LOC_STRINGS = NO;
				SWIFT_VERSION = 5.0;
				TARGETED_DEVICE_FAMILY = "1,2";
				TEST_HOST = "$(BUILT_PRODUCTS_DIR)/WorldBeers.app/WorldBeers";
			};
			name = Debug;
		};
		1CC846E6285A8E9D0059484C /* Release */ = {
			isa = XCBuildConfiguration;
			buildSettings = {
				ALWAYS_EMBED_SWIFT_STANDARD_LIBRARIES = YES;
				BUNDLE_LOADER = "$(TEST_HOST)";
				CODE_SIGN_STYLE = Automatic;
				CURRENT_PROJECT_VERSION = 1;
				GENERATE_INFOPLIST_FILE = YES;
				IPHONEOS_DEPLOYMENT_TARGET = 15.4;
				MARKETING_VERSION = 1.0;
				PRODUCT_BUNDLE_IDENTIFIER = com.franco.WorldBeersTests;
				PRODUCT_NAME = "$(TARGET_NAME)";
				SWIFT_EMIT_LOC_STRINGS = NO;
				SWIFT_VERSION = 5.0;
				TARGETED_DEVICE_FAMILY = "1,2";
				TEST_HOST = "$(BUILT_PRODUCTS_DIR)/WorldBeers.app/WorldBeers";
			};
			name = Release;
		};
		1CC846E8285A8E9D0059484C /* Debug */ = {
			isa = XCBuildConfiguration;
			buildSettings = {
				ALWAYS_EMBED_SWIFT_STANDARD_LIBRARIES = YES;
				CODE_SIGN_STYLE = Automatic;
				CURRENT_PROJECT_VERSION = 1;
				GENERATE_INFOPLIST_FILE = YES;
				MARKETING_VERSION = 1.0;
				PRODUCT_BUNDLE_IDENTIFIER = com.franco.WorldBeersUITests;
				PRODUCT_NAME = "$(TARGET_NAME)";
				SWIFT_EMIT_LOC_STRINGS = NO;
				SWIFT_VERSION = 5.0;
				TARGETED_DEVICE_FAMILY = "1,2";
				TEST_TARGET_NAME = WorldBeers;
			};
			name = Debug;
		};
		1CC846E9285A8E9D0059484C /* Release */ = {
			isa = XCBuildConfiguration;
			buildSettings = {
				ALWAYS_EMBED_SWIFT_STANDARD_LIBRARIES = YES;
				CODE_SIGN_STYLE = Automatic;
				CURRENT_PROJECT_VERSION = 1;
				GENERATE_INFOPLIST_FILE = YES;
				MARKETING_VERSION = 1.0;
				PRODUCT_BUNDLE_IDENTIFIER = com.franco.WorldBeersUITests;
				PRODUCT_NAME = "$(TARGET_NAME)";
				SWIFT_EMIT_LOC_STRINGS = NO;
				SWIFT_VERSION = 5.0;
				TARGETED_DEVICE_FAMILY = "1,2";
				TEST_TARGET_NAME = WorldBeers;
			};
			name = Release;
		};
/* End XCBuildConfiguration section */

/* Begin XCConfigurationList section */
		1CC846B2285A8E9C0059484C /* Build configuration list for PBXProject "WorldBeers" */ = {
			isa = XCConfigurationList;
			buildConfigurations = (
				1CC846DF285A8E9D0059484C /* Debug */,
				1CC846E0285A8E9D0059484C /* Release */,
			);
			defaultConfigurationIsVisible = 0;
			defaultConfigurationName = Release;
		};
		1CC846E1285A8E9D0059484C /* Build configuration list for PBXNativeTarget "WorldBeers" */ = {
			isa = XCConfigurationList;
			buildConfigurations = (
				1CC846E2285A8E9D0059484C /* Debug */,
				1CC846E3285A8E9D0059484C /* Release */,
			);
			defaultConfigurationIsVisible = 0;
			defaultConfigurationName = Release;
		};
		1CC846E4285A8E9D0059484C /* Build configuration list for PBXNativeTarget "WorldBeersTests" */ = {
			isa = XCConfigurationList;
			buildConfigurations = (
				1CC846E5285A8E9D0059484C /* Debug */,
				1CC846E6285A8E9D0059484C /* Release */,
			);
			defaultConfigurationIsVisible = 0;
			defaultConfigurationName = Release;
		};
		1CC846E7285A8E9D0059484C /* Build configuration list for PBXNativeTarget "WorldBeersUITests" */ = {
			isa = XCConfigurationList;
			buildConfigurations = (
				1CC846E8285A8E9D0059484C /* Debug */,
				1CC846E9285A8E9D0059484C /* Release */,
			);
			defaultConfigurationIsVisible = 0;
			defaultConfigurationName = Release;
		};
/* End XCConfigurationList section */

/* Begin XCRemoteSwiftPackageReference section */
		1CB7D2BA285BC60B006AB7C2 /* XCRemoteSwiftPackageReference "Kingfisher" */ = {
			isa = XCRemoteSwiftPackageReference;
			repositoryURL = "https://github.com/onevcat/Kingfisher.git";
			requirement = {
				kind = upToNextMajorVersion;
				minimumVersion = 7.0.0;
			};
		};
/* End XCRemoteSwiftPackageReference section */

/* Begin XCSwiftPackageProductDependency section */
		1CB7D2BB285BC60B006AB7C2 /* Kingfisher */ = {
			isa = XCSwiftPackageProductDependency;
			package = 1CB7D2BA285BC60B006AB7C2 /* XCRemoteSwiftPackageReference "Kingfisher" */;
			productName = Kingfisher;
		};
/* End XCSwiftPackageProductDependency section */
	};
	rootObject = 1CC846AF285A8E9C0059484C /* Project object */;
}
